
Microsoft Visual Studio Solution File, Format Version 12.00
# Visual Studio Version 16
VisualStudioVersion = 16.0.29709.97
MinimumVisualStudioVersion = 10.0.40219.1
Project("{FAE04EC0-301F-11D3-BF4B-00C04F79EFBC}") = "DITApi", "DITApi\DITApi.csproj", "{C3B30F24-53C7-453F-8D8C-5DF2E97CAE50}"
EndProject
Global
	GlobalSection(SolutionConfigurationPlatforms) = preSolution
		Debug|Any CPU = Debug|Any CPU
		Release|Any CPU = Release|Any CPU
	EndGlobalSection
	GlobalSection(ProjectConfigurationPlatforms) = postSolution
		{C3B30F24-53C7-453F-8D8C-5DF2E97CAE50}.Debug|Any CPU.ActiveCfg = Debug|Any CPU
		{C3B30F24-53C7-453F-8D8C-5DF2E97CAE50}.Debug|Any CPU.Build.0 = Debug|Any CPU
		{C3B30F24-53C7-453F-8D8C-5DF2E97CAE50}.Release|Any CPU.ActiveCfg = Release|Any CPU
		{C3B30F24-53C7-453F-8D8C-5DF2E97CAE50}.Release|Any CPU.Build.0 = Release|Any CPU
	EndGlobalSection
	GlobalSection(SolutionProperties) = preSolution
		HideSolutionNode = FALSE
	EndGlobalSection
	GlobalSection(ExtensibilityGlobals) = postSolution
		SolutionGuid = {D7429D16-1DF2-432A-A841-3527D7A1B48D}
	EndGlobalSection
EndGlobal
